PODS:
  - Flutter (1.0.0)
  - simple_permissions (0.0.1):
    - Flutter
  - speech_recognition (0.3.0):
    - Flutter

DEPENDENCIES:
  - Flutter (from `/opt/flutter/bin/cache/artifacts/engine/ios`)
  - simple_permissions (from `/Users/trung.liem.vo/.pub-cache/hosted/pub.dartlang.org/simple_permissions-0.1.9/ios`)
  - speech_recognition (from `/Users/trung.liem.vo/Documents/FlutterWorkspace/git/speech_recognition/ios`)

EXTERNAL SOURCES:
  Flutter:
    :path: "/opt/flutter/bin/cache/artifacts/engine/ios"
  simple_permissions:
    :path: "/Users/trung.liem.vo/.pub-cache/hosted/pub.dartlang.org/simple_permissions-0.1.9/ios"
  speech_recognition:
    :path: "/Users/trung.liem.vo/Documents/FlutterWorkspace/git/speech_recognition/ios"

SPEC CHECKSUMS:
  Flutter: 0e3d915762c693b495b44d77113d4970485de6ec
  simple_permissions: 149cd87a11f83c24bf99f6e8a82f9fc8b70be233
  speech_recognition: b5319aace06c3633c0547de44899f6e0bf8b2168

PODFILE CHECKSUM: cc70c01bca487bebd110b87397f017f3b76a89f1

COCOAPODS: 1.8.4
